// !$*UTF8*$!
{
	archiveVersion = 1;
	classes = {
	};
	objectVersion = 50;
	objects = {

/* Begin PBXBuildFile section */
		2D57900B25C7C81A00076C5D /* AppDelegate.swift in Sources */ = {isa = PBXBuildFile; fileRef = 2D57900A25C7C81A00076C5D /* AppDelegate.swift */; };
		2D57900D25C7C81A00076C5D /* SceneDelegate.swift in Sources */ = {isa = PBXBuildFile; fileRef = 2D57900C25C7C81A00076C5D /* SceneDelegate.swift */; };
		2D57901225C7C81A00076C5D /* Main.storyboard in Resources */ = {isa = PBXBuildFile; fileRef = 2D57901025C7C81A00076C5D /* Main.storyboard */; };
		2D57901725C7C81E00076C5D /* Assets.xcassets in Resources */ = {isa = PBXBuildFile; fileRef = 2D57901625C7C81E00076C5D /* Assets.xcassets */; };
		2D57901A25C7C81E00076C5D /* LaunchScreen.storyboard in Resources */ = {isa = PBXBuildFile; fileRef = 2D57901825C7C81E00076C5D /* LaunchScreen.storyboard */; };
		2D57902425C7C89C00076C5D /* ProductTableViewController.swift in Sources */ = {isa = PBXBuildFile; fileRef = 2D57902325C7C89B00076C5D /* ProductTableViewController.swift */; };
		2D57902925C7C8B300076C5D /* ProductsModel.xcdatamodeld in Sources */ = {isa = PBXBuildFile; fileRef = 2D57902725C7C8B300076C5D /* ProductsModel.xcdatamodeld */; };
/* End PBXBuildFile section */

/* Begin PBXFileReference section */
		2D57900725C7C81A00076C5D /* A2_FA_iOS_Gagandeep_C0764922.app */ = {isa = PBXFileReference; explicitFileType = wrapper.application; includeInIndex = 0; path = A2_FA_iOS_Gagandeep_C0764922.app; sourceTree = BUILT_PRODUCTS_DIR; };
		2D57900A25C7C81A00076C5D /* AppDelegate.swift */ = {isa = PBXFileReference; lastKnownFileType = sourcecode.swift; path = AppDelegate.swift; sourceTree = "<group>"; };
		2D57900C25C7C81A00076C5D /* SceneDelegate.swift */ = {isa = PBXFileReference; lastKnownFileType = sourcecode.swift; path = SceneDelegate.swift; sourceTree = "<group>"; };
		2D57901125C7C81A00076C5D /* Base */ = {isa = PBXFileReference; lastKnownFileType = file.storyboard; name = Base; path = Base.lproj/Main.storyboard; sourceTree = "<group>"; };
		2D57901625C7C81E00076C5D /* Assets.xcassets */ = {isa = PBXFileReference; lastKnownFileType = folder.assetcatalog; path = Assets.xcassets; sourceTree = "<group>"; };
		2D57901925C7C81E00076C5D /* Base */ = {isa = PBXFileReference; lastKnownFileType = file.storyboard; name = Base; path = Base.lproj/LaunchScreen.storyboard; sourceTree = "<group>"; };
		2D57901B25C7C81E00076C5D /* Info.plist */ = {isa = PBXFileReference; lastKnownFileType = text.plist.xml; path = Info.plist; sourceTree = "<group>"; };
		2D57902325C7C89B00076C5D /* ProductTableViewController.swift */ = {isa = PBXFileReference; fileEncoding = 4; lastKnownFileType = sourcecode.swift; path = ProductTableViewController.swift; sourceTree = "<group>"; };
		2D57902825C7C8B300076C5D /* ProductsModel.xcdatamodel */ = {isa = PBXFileReference; lastKnownFileType = wrapper.xcdatamodel; path = ProductsModel.xcdatamodel; sourceTree = "<group>"; };
/* End PBXFileReference section */

/* Begin PBXFrameworksBuildPhase section */
		2D57900425C7C81A00076C5D /* Frameworks */ = {
			isa = PBXFrameworksBuildPhase;
			buildActionMask = 2147483647;
			files = (
			);
			runOnlyForDeploymentPostprocessing = 0;
		};
/* End PBXFrameworksBuildPhase section */

/* Begin PBXGroup section */
		2D578FFE25C7C81A00076C5D = {
			isa = PBXGroup;
			children = (
				2D57900925C7C81A00076C5D /* A2_FA_iOS_Gagandeep_C0764922 */,
				2D57900825C7C81A00076C5D /* Products */,
			);
			sourceTree = "<group>";
		};
		2D57900825C7C81A00076C5D /* Products */ = {
			isa = PBXGroup;
			children = (
				2D57900725C7C81A00076C5D /* A2_FA_iOS_Gagandeep_C0764922.app */,
			);
			name = Products;
			sourceTree = "<group>";
		};
		2D57900925C7C81A00076C5D /* A2_FA_iOS_Gagandeep_C0764922 */ = {
			isa = PBXGroup;
			children = (
				2D57900A25C7C81A00076C5D /* AppDelegate.swift */,
				2D57902325C7C89B00076C5D /* ProductTableViewController.swift */,
				2D57900C25C7C81A00076C5D /* SceneDelegate.swift */,
				2D57901025C7C81A00076C5D /* Main.storyboard */,
				2D57901625C7C81E00076C5D /* Assets.xcassets */,
				2D57902725C7C8B300076C5D /* ProductsModel.xcdatamodeld */,
				2D57901825C7C81E00076C5D /* LaunchScreen.storyboard */,
				2D57901B25C7C81E00076C5D /* Info.plist */,
			);
			path = A2_FA_iOS_Gagandeep_C0764922;
			sourceTree = "<group>";
		};
/* End PBXGroup section */

/* Begin PBXNativeTarget section */
		2D57900625C7C81A00076C5D /* A2_FA_iOS_Gagandeep_C0764922 */ = {
			isa = PBXNativeTarget;
			buildConfigurationList = 2D57901E25C7C81E00076C5D /* Build configuration list for PBXNativeTarget "A2_FA_iOS_Gagandeep_C0764922" */;
			buildPhases = (
				2D57900325C7C81A00076C5D /* Sources */,
				2D57900425C7C81A00076C5D /* Frameworks */,
				2D57900525C7C81A00076C5D /* Resources */,
			);
			buildRules = (
			);
			dependencies = (
			);
			name = A2_FA_iOS_Gagandeep_C0764922;
			productName = A2_FA_iOS_Gagandeep_C0764922;
			productReference = 2D57900725C7C81A00076C5D /* A2_FA_iOS_Gagandeep_C0764922.app */;
			productType = "com.apple.product-type.application";
		};
/* End PBXNativeTarget section */

/* Begin PBXProject section */
		2D578FFF25C7C81A00076C5D /* Project object */ = {
			isa = PBXProject;
			attributes = {
				LastSwiftUpdateCheck = 1210;
				LastUpgradeCheck = 1210;
				TargetAttributes = {
					2D57900625C7C81A00076C5D = {
						CreatedOnToolsVersion = 12.1;
					};
				};
			};
			buildConfigurationList = 2D57900225C7C81A00076C5D /* Build configuration list for PBXProject "A2_FA_iOS_Gagandeep_C0764922" */;
			compatibilityVersion = "Xcode 9.3";
			developmentRegion = en;
			hasScannedForEncodings = 0;
			knownRegions = (
				en,
				Base,
			);
			mainGroup = 2D578FFE25C7C81A00076C5D;
			productRefGroup = 2D57900825C7C81A00076C5D /* Products */;
			projectDirPath = "";
			projectRoot = "";
			targets = (
				2D57900625C7C81A00076C5D /* A2_FA_iOS_Gagandeep_C0764922 */,
			);
		};
/* End PBXProject section */

/* Begin PBXResourcesBuildPhase section */
		2D57900525C7C81A00076C5D /* Resources */ = {
			isa = PBXResourcesBuildPhase;
			buildActionMask = 2147483647;
			files = (
				2D57901A25C7C81E00076C5D /* LaunchScreen.storyboard in Resources */,
				2D57901725C7C81E00076C5D /* Assets.xcassets in Resources */,
				2D57901225C7C81A00076C5D /* Main.storyboard in Resources */,
			);
			runOnlyForDeploymentPostprocessing = 0;
		};
/* End PBXResourcesBuildPhase section */

/* Begin PBXSourcesBuildPhase section */
		2D57900325C7C81A00076C5D /* Sources */ = {
			isa = PBXSourcesBuildPhase;
			buildActionMask = 2147483647;
			files = (
				2D57900B25C7C81A00076C5D /* AppDelegate.swift in Sources */,
				2D57900D25C7C81A00076C5D /* SceneDelegate.swift in Sources */,
				2D57902425C7C89C00076C5D /* ProductTableViewController.swift in Sources */,
				2D57902925C7C8B300076C5D /* ProductsModel.xcdatamodeld in Sources */,
			);
			runOnlyForDeploymentPostprocessing = 0;
		};
/* End PBXSourcesBuildPhase section */

/* Begin PBXVariantGroup section */
		2D57901025C7C81A00076C5D /* Main.storyboard */ = {
			isa = PBXVariantGroup;
			children = (
				2D57901125C7C81A00076C5D /* Base */,
			);
			name = Main.storyboard;
			sourceTree = "<group>";
		};
		2D57901825C7C81E00076C5D /* LaunchScreen.storyboard */ = {
			isa = PBXVariantGroup;
			children = (
				2D57901925C7C81E00076C5D /* Base */,
			);
			name = LaunchScreen.storyboard;
			sourceTree = "<group>";
		};
/* End PBXVariantGroup section */

/* Begin XCBuildConfiguration section */
		2D57901C25C7C81E00076C5D /* Debug */ = {
			isa = XCBuildConfiguration;
			buildSettings = {
				ALWAYS_SEARCH_USER_PATHS = NO;
				CLANG_ANALYZER_NONNULL = YES;
				CLANG_ANALYZER_NUMBER_OBJECT_CONVERSION = YES_AGGRESSIVE;
				CLANG_CXX_LANGUAGE_STANDARD = "gnu++14";
				CLANG_CXX_LIBRARY = "libc++";
				CLANG_ENABLE_MODULES = YES;
				CLANG_ENABLE_OBJC_ARC = YES;
				CLANG_ENABLE_OBJC_WEAK = YES;
				CLANG_WARN_BLOCK_CAPTURE_AUTORELEASING = YES;
				CLANG_WARN_BOOL_CONVERSION = YES;
				CLANG_WARN_COMMA = YES;
				CLANG_WARN_CONSTANT_CONVERSION = YES;
				CLANG_WARN_DEPRECATED_OBJC_IMPLEMENTATIONS = YES;
				CLANG_WARN_DIRECT_OBJC_ISA_USAGE = YES_ERROR;
				CLANG_WARN_DOCUMENTATION_COMMENTS = YES;
				CLANG_WARN_EMPTY_BODY = YES;
				CLANG_WARN_ENUM_CONVERSION = YES;
				CLANG_WARN_INFINITE_RECURSION = YES;
				CLANG_WARN_INT_CONVERSION = YES;
				CLANG_WARN_NON_LITERAL_NULL_CONVERSION = YES;
				CLANG_WARN_OBJC_IMPLICIT_RETAIN_SELF = YES;
				CLANG_WARN_OBJC_LITERAL_CONVERSION = YES;
				CLANG_WARN_OBJC_ROOT_CLASS = YES_ERROR;
				CLANG_WARN_QUOTED_INCLUDE_IN_FRAMEWORK_HEADER = YES;
				CLANG_WARN_RANGE_LOOP_ANALYSIS = YES;
				CLANG_WARN_STRICT_PROTOTYPES = YES;
				CLANG_WARN_SUSPICIOUS_MOVE = YES;
				CLANG_WARN_UNGUARDED_AVAILABILITY = YES_AGGRESSIVE;
				CLANG_WARN_UNREACHABLE_CODE = YES;
				CLANG_WARN__DUPLICATE_METHOD_MATCH = YES;
				COPY_PHASE_STRIP = NO;
				DEBUG_INFORMATION_FORMAT = dwarf;
				ENABLE_STRICT_OBJC_MSGSEND = YES;
				ENABLE_TESTABILITY = YES;
				GCC_C_LANGUAGE_STANDARD = gnu11;
				GCC_DYNAMIC_NO_PIC = NO;
				GCC_NO_COMMON_BLOCKS = YES;
				GCC_OPTIMIZATION_LEVEL = 0;
				GCC_PREPROCESSOR_DEFINITIONS = (
					"DEBUG=1",
					"$(inherited)",
				);
				GCC_WARN_64_TO_32_BIT_CONVERSION = YES;
				GCC_WARN_ABOUT_RETURN_TYPE = YES_ERROR;
				GCC_WARN_UNDECLARED_SELECTOR = YES;
				GCC_WARN_UNINITIALIZED_AUTOS = YES_AGGRESSIVE;
				GCC_WARN_UNUSED_FUNCTION = YES;
				GCC_WARN_UNUSED_VARIABLE = YES;
				IPHONEOS_DEPLOYMENT_TARGET = 14.1;
				MTL_ENABLE_DEBUG_INFO = INCLUDE_SOURCE;
				MTL_FAST_MATH = YES;
				ONLY_ACTIVE_ARCH = YES;
				SDKROOT = iphoneos;
				SWIFT_ACTIVE_COMPILATION_CONDITIONS = DEBUG;
				SWIFT_OPTIMIZATION_LEVEL = "-Onone";
			};
			name = Debug;
		};
		2D57901D25C7C81E00076C5D /* Release */ = {
			isa = XCBuildConfiguration;
			buildSettings = {
				ALWAYS_SEARCH_USER_PATHS = NO;
				CLANG_ANALYZER_NONNULL = YES;
				CLANG_ANALYZER_NUMBER_OBJECT_CONVERSION = YES_AGGRESSIVE;
				CLANG_CXX_LANGUAGE_STANDARD = "gnu++14";
				CLANG_CXX_LIBRARY = "libc++";
				CLANG_ENABLE_MODULES = YES;
				CLANG_ENABLE_OBJC_ARC = YES;
				CLANG_ENABLE_OBJC_WEAK = YES;
				CLANG_WARN_BLOCK_CAPTURE_AUTORELEASING = YES;
				CLANG_WARN_BOOL_CONVERSION = YES;
				CLANG_WARN_COMMA = YES;
				CLANG_WARN_CONSTANT_CONVERSION = YES;
				CLANG_WARN_DEPRECATED_OBJC_IMPLEMENTATIONS = YES;
				CLANG_WARN_DIRECT_OBJC_ISA_USAGE = YES_ERROR;
				CLANG_WARN_DOCUMENTATION_COMMENTS = YES;
				CLANG_WARN_EMPTY_BODY = YES;
				CLANG_WARN_ENUM_CONVERSION = YES;
				CLANG_WARN_INFINITE_RECURSION = YES;
				CLANG_WARN_INT_CONVERSION = YES;
				CLANG_WARN_NON_LITERAL_NULL_CONVERSION = YES;
				CLANG_WARN_OBJC_IMPLICIT_RETAIN_SELF = YES;
				CLANG_WARN_OBJC_LITERAL_CONVERSION = YES;
				CLANG_WARN_OBJC_ROOT_CLASS = YES_ERROR;
				CLANG_WARN_QUOTED_INCLUDE_IN_FRAMEWORK_HEADER = YES;
				CLANG_WARN_RANGE_LOOP_ANALYSIS = YES;
				CLANG_WARN_STRICT_PROTOTYPES = YES;
				CLANG_WARN_SUSPICIOUS_MOVE = YES;
				CLANG_WARN_UNGUARDED_AVAILABILITY = YES_AGGRESSIVE;
				CLANG_WARN_UNREACHABLE_CODE = YES;
				CLANG_WARN__DUPLICATE_METHOD_MATCH = YES;
				COPY_PHASE_STRIP = NO;
				DEBUG_INFORMATION_FORMAT = "dwarf-with-dsym";
				ENABLE_NS_ASSERTIONS = NO;
				ENABLE_STRICT_OBJC_MSGSEND = YES;
				GCC_C_LANGUAGE_STANDARD = gnu11;
				GCC_NO_COMMON_BLOCKS = YES;
				GCC_WARN_64_TO_32_BIT_CONVERSION = YES;
				GCC_WARN_ABOUT_RETURN_TYPE = YES_ERROR;
				GCC_WARN_UNDECLARED_SELECTOR = YES;
				GCC_WARN_UNINITIALIZED_AUTOS = YES_AGGRESSIVE;
				GCC_WARN_UNUSED_FUNCTION = YES;
				GCC_WARN_UNUSED_VARIABLE = YES;
				IPHONEOS_DEPLOYMENT_TARGET = 14.1;
				MTL_ENABLE_DEBUG_INFO = NO;
				MTL_FAST_MATH = YES;
				SDKROOT = iphoneos;
				SWIFT_COMPILATION_MODE = wholemodule;
				SWIFT_OPTIMIZATION_LEVEL = "-O";
				VALIDATE_PRODUCT = YES;
			};
			name = Release;
		};
		2D57901F25C7C81E00076C5D /* Debug */ = {
			isa = XCBuildConfiguration;
			buildSettings = {
				ASSETCATALOG_COMPILER_APPICON_NAME = AppIcon;
				ASSETCATALOG_COMPILER_GLOBAL_ACCENT_COLOR_NAME = AccentColor;
				CODE_SIGN_STYLE = Automatic;
				DEVELOPMENT_TEAM = QP684UU4R3;
				INFOPLIST_FILE = A2_FA_iOS_Gagandeep_C0764922/Info.plist;
				LD_RUNPATH_SEARCH_PATHS = (
					"$(inherited)",
					"@executable_path/Frameworks",
				);
				PRODUCT_BUNDLE_IDENTIFIER = "com.gaganthind.A2-FA-iOS-Gagandeep-C0764922";
				PRODUCT_NAME = "$(TARGET_NAME)";
				SWIFT_VERSION = 5.0;
				TARGETED_DEVICE_FAMILY = "1,2";
			};
			name = Debug;
		};
		2D57902025C7C81E00076C5D /* Release */ = {
			isa = XCBuildConfiguration;
			buildSettings = {
				ASSETCATALOG_COMPILER_APPICON_NAME = AppIcon;
				ASSETCATALOG_COMPILER_GLOBAL_ACCENT_COLOR_NAME = AccentColor;
				CODE_SIGN_STYLE = Automatic;
				DEVELOPMENT_TEAM = QP684UU4R3;
				INFOPLIST_FILE = A2_FA_iOS_Gagandeep_C0764922/Info.plist;
				LD_RUNPATH_SEARCH_PATHS = (
					"$(inherited)",
					"@executable_path/Frameworks",
				);
				PRODUCT_BUNDLE_IDENTIFIER = "com.gaganthind.A2-FA-iOS-Gagandeep-C0764922";
				PRODUCT_NAME = "$(TARGET_NAME)";
				SWIFT_VERSION = 5.0;
				TARGETED_DEVICE_FAMILY = "1,2";
			};
			name = Release;
		};
/* End XCBuildConfiguration section */

/* Begin XCConfigurationList section */
		2D57900225C7C81A00076C5D /* Build configuration list for PBXProject "A2_FA_iOS_Gagandeep_C0764922" */ = {
			isa = XCConfigurationList;
			buildConfigurations = (
				2D57901C25C7C81E00076C5D /* Debug */,
				2D57901D25C7C81E00076C5D /* Release */,
			);
			defaultConfigurationIsVisible = 0;
			defaultConfigurationName = Release;
		};
		2D57901E25C7C81E00076C5D /* Build configuration list for PBXNativeTarget "A2_FA_iOS_Gagandeep_C0764922" */ = {
			isa = XCConfigurationList;
			buildConfigurations = (
				2D57901F25C7C81E00076C5D /* Debug */,
				2D57902025C7C81E00076C5D /* Release */,
			);
			defaultConfigurationIsVisible = 0;
			defaultConfigurationName = Release;
		};
/* End XCConfigurationList section */

/* Begin XCVersionGroup section */
		2D57902725C7C8B300076C5D /* ProductsModel.xcdatamodeld */ = {
			isa = XCVersionGroup;
			children = (
				2D57902825C7C8B300076C5D /* ProductsModel.xcdatamodel */,
			);
			currentVersion = 2D57902825C7C8B300076C5D /* ProductsModel.xcdatamodel */;
			path = ProductsModel.xcdatamodeld;
			sourceTree = "<group>";
			versionGroupType = wrapper.xcdatamodel;
		};
/* End XCVersionGroup section */
	};
	rootObject = 2D578FFF25C7C81A00076C5D /* Project object */;
}
